
Microsoft Visual Studio Solution File, Format Version 12.00
# Visual Studio Version 16
VisualStudioVersion = 16.0.30114.105
MinimumVisualStudioVersion = 10.0.40219.1
Project("{FAE04EC0-301F-11D3-BF4B-00C04F79EFBC}") = "PluginTemplate", "PluginTemplate\PluginTemplate.csproj", "{759931D4-4C0D-40BD-AF55-CACCC6F74FBD}"
EndProject
Global
	GlobalSection(SolutionConfigurationPlatforms) = preSolution
		Debug|Any CPU = Debug|Any CPU
		Release|Any CPU = Release|Any CPU
	EndGlobalSection
	GlobalSection(ProjectConfigurationPlatforms) = postSolution
		{759931D4-4C0D-40BD-AF55-CACCC6F74FBD}.Debug|Any CPU.ActiveCfg = Debug|Any CPU
		{759931D4-4C0D-40BD-AF55-CACCC6F74FBD}.Debug|Any CPU.Build.0 = Debug|Any CPU
		{759931D4-4C0D-40BD-AF55-CACCC6F74FBD}.Release|Any CPU.ActiveCfg = Release|Any CPU
		{759931D4-4C0D-40BD-AF55-CACCC6F74FBD}.Release|Any CPU.Build.0 = Release|Any CPU
	EndGlobalSection
	GlobalSection(SolutionProperties) = preSolution
		HideSolutionNode = FALSE
	EndGlobalSection
	GlobalSection(ExtensibilityGlobals) = postSolution
		SolutionGuid = {9910A9C4-F80E-40C9-87F7-9706FE250178}
	EndGlobalSection
EndGlobal
